{
	"name": "hs-pulse",
	"version": "0.0.1",
	"lockfileVersion": 1,
	"requires": true,
	"dependencies": {
		"@types/concat-stream": {
			"version": "1.6.0",
			"resolved": "https://registry.npmjs.org/@types/concat-stream/-/concat-stream-1.6.0.tgz",
			"integrity": "sha1-OU2+C7X+5Gs42JZzXoto7yOQ0A0=",
			"requires": {
				"@types/node": "*"
			}
		},
		"@types/form-data": {
			"version": "0.0.33",
			"resolved": "https://registry.npmjs.org/@types/form-data/-/form-data-0.0.33.tgz",
			"integrity": "sha1-yayFsqX9GENbjIXZ7LUObWyJP/g=",
			"requires": {
				"@types/node": "*"
			}
		},
		"@types/node": {
			"version": "10.17.18",
			"resolved": "https://registry.npmjs.org/@types/node/-/node-10.17.18.tgz",
			"integrity": "sha512-DQ2hl/Jl3g33KuAUOcMrcAOtsbzb+y/ufakzAdeK9z/H/xsvkpbETZZbPNMIiQuk24f5ZRMCcZIViAwyFIiKmg=="
		},
		"@types/qs": {
			"version": "6.9.1",
			"resolved": "https://registry.npmjs.org/@types/qs/-/qs-6.9.1.tgz",
			"integrity": "sha512-lhbQXx9HKZAPgBkISrBcmAcMpZsmpe/Cd/hY7LGZS5OfkySUBItnPZHgQPssWYUET8elF+yCFBbP1Q0RZPTdaw=="
		},
		"abort-controller": {
			"version": "3.0.0",
			"resolved": "https://registry.npmjs.org/abort-controller/-/abort-controller-3.0.0.tgz",
			"integrity": "sha512-h8lQ8tacZYnR3vNQTgibj+tODHI5/+l06Au2Pcriv/Gmet0eaj4TwWH41sO9wnHDiQsEj19q0drzdWdeAHtweg==",
			"requires": {
				"event-target-shim": "^5.0.0"
			}
		},
		"agent-base": {
			"version": "6.0.0",
			"resolved": "https://registry.npmjs.org/agent-base/-/agent-base-6.0.0.tgz",
			"integrity": "sha512-j1Q7cSCqN+AwrmDd+pzgqc0/NpC655x2bUf5ZjRIO77DcNBFmh+OgRNzF6OKdCC9RSCb19fGd99+bhXFdkRNqw==",
			"requires": {
				"debug": "4"
			}
		},
		"ajv": {
			"version": "6.12.0",
			"resolved": "https://registry.npmjs.org/ajv/-/ajv-6.12.0.tgz",
			"integrity": "sha512-D6gFiFA0RRLyUbvijN74DWAjXSFxWKaWP7mldxkVhyhAV3+SWA9HEJPHQ2c9soIeTFJqcSdFDGFgdqs1iUU2Hw==",
			"requires": {
				"fast-deep-equal": "^3.1.1",
				"fast-json-stable-stringify": "^2.0.0",
				"json-schema-traverse": "^0.4.1",
				"uri-js": "^4.2.2"
			}
		},
		"arrify": {
			"version": "2.0.1",
			"resolved": "https://registry.npmjs.org/arrify/-/arrify-2.0.1.tgz",
			"integrity": "sha512-3duEwti880xqi4eAMN8AyR4a0ByT90zoYdLlevfrvU43vb0YZwZVfxOgxWrLXXXpyugL0hNZc9G6BiB5B3nUug=="
		},
		"asap": {
			"version": "2.0.6",
			"resolved": "https://registry.npmjs.org/asap/-/asap-2.0.6.tgz",
			"integrity": "sha1-5QNHYR1+aQlDIIu9r+vLwvuGbUY="
		},
		"asn1": {
			"version": "0.2.4",
			"resolved": "https://registry.npmjs.org/asn1/-/asn1-0.2.4.tgz",
			"integrity": "sha512-jxwzQpLQjSmWXgwaCZE9Nz+glAG01yF1QnWgbhGwHI5A6FRIEY6IVqtHhIepHqI7/kyEyQEagBC5mBEFlIYvdg==",
			"requires": {
				"safer-buffer": "~2.1.0"
			}
		},
		"assert-plus": {
			"version": "1.0.0",
			"resolved": "https://registry.npmjs.org/assert-plus/-/assert-plus-1.0.0.tgz",
			"integrity": "sha1-8S4PPF13sLHN2RRpQuTpbB5N1SU="
		},
		"asynckit": {
			"version": "0.4.0",
			"resolved": "https://registry.npmjs.org/asynckit/-/asynckit-0.4.0.tgz",
			"integrity": "sha1-x57Zf380y48robyXkLzDZkdLS3k="
		},
		"aws-sign2": {
			"version": "0.7.0",
			"resolved": "https://registry.npmjs.org/aws-sign2/-/aws-sign2-0.7.0.tgz",
			"integrity": "sha1-tG6JCTSpWR8tL2+G1+ap8bP+dqg="
		},
		"aws4": {
			"version": "1.9.1",
			"resolved": "https://registry.npmjs.org/aws4/-/aws4-1.9.1.tgz",
			"integrity": "sha512-wMHVg2EOHaMRxbzgFJ9gtjOOCrI80OHLG14rxi28XwOW8ux6IiEbRCGGGqCtdAIg4FQCbW20k9RsT4y3gJlFug=="
		},
		"base64-js": {
			"version": "1.3.1",
			"resolved": "https://registry.npmjs.org/base64-js/-/base64-js-1.3.1.tgz",
			"integrity": "sha512-mLQ4i2QO1ytvGWFWmcngKO//JXAQueZvwEKtjgQFM4jIK0kU+ytMfplL8j+n5mspOfjHwoAg+9yhb7BwAHm36g=="
		},
		"bcfg": {
			"version": "0.1.6",
			"resolved": "https://registry.npmjs.org/bcfg/-/bcfg-0.1.6.tgz",
			"integrity": "sha512-BR2vwQZwu24aRm588XHOnPVjjQtbK8sF0RopRFgMuke63/REJMWnePTa2YHKDBefuBYiVdgkowuB1/e4K7Ue3g==",
			"requires": {
				"bsert": "~0.0.10"
			}
		},
		"bcrypt-pbkdf": {
			"version": "1.0.2",
			"resolved": "https://registry.npmjs.org/bcrypt-pbkdf/-/bcrypt-pbkdf-1.0.2.tgz",
			"integrity": "sha1-pDAdOJtqQ/m2f/PKEaP2Y342Dp4=",
			"requires": {
				"tweetnacl": "^0.14.3"
			}
		},
		"bcrypto": {
			"version": "5.4.0",
			"resolved": "https://registry.npmjs.org/bcrypto/-/bcrypto-5.4.0.tgz",
			"integrity": "sha512-KDX2CR29o6ZoqpQndcCxFZAtYA1jDMnXU3jmCfzP44g++Cu7AHHtZN/JbrN/MXAg9SLvtQ8XISG+eVD9zH1+Jg==",
			"requires": {
				"bufio": "~1.0.7",
				"loady": "~0.0.5"
			}
		},
		"bcurl": {
			"version": "0.1.6",
			"resolved": "https://registry.npmjs.org/bcurl/-/bcurl-0.1.6.tgz",
			"integrity": "sha512-noeDhfqFiUcNOUuZKErkXcbZfxBjn6duTfYPEfA4hAYXGr7gwVxkAWvIerxl3ZLLyn8jzh7Oi0nHlrLm1ST9Fw==",
			"requires": {
				"brq": "~0.1.7",
				"bsert": "~0.0.10",
				"bsock": "~0.1.8"
			}
		},
		"bdb": {
			"version": "1.3.0",
			"resolved": "https://registry.npmjs.org/bdb/-/bdb-1.3.0.tgz",
			"integrity": "sha512-oJnWnHOTcnJhazwpEzQvPFtSR1IdHtS3PczuLY3klgZTTtRUbARX7tdphQS8iNUUwEVMfuO93eHDWwTICoeJlg==",
			"requires": {
				"bsert": "~0.0.10",
				"loady": "~0.0.5"
			}
		},
		"bdns": {
			"version": "0.1.5",
			"resolved": "https://registry.npmjs.org/bdns/-/bdns-0.1.5.tgz",
			"integrity": "sha512-LNVkfM7ynlAD0CvPvO9cKxW8YXt1KOCRQZlRsGZWeMyymUWVdHQpZudAzH9chaFAz6HiwAnQxwDemCKDPy6Mag==",
			"requires": {
				"bsert": "~0.0.10"
			}
		},
		"bevent": {
			"version": "0.1.5",
			"resolved": "https://registry.npmjs.org/bevent/-/bevent-0.1.5.tgz",
			"integrity": "sha512-hs6T3BjndibrAmPSoKTHmKa3tz/c6Qgjv9iZw+tAoxuP6izfTCkzfltBQrW7SuK5xnY22gv9jCEf51+mRH+Qvg==",
			"requires": {
				"bsert": "~0.0.10"
			}
		},
		"bfile": {
			"version": "0.2.2",
			"resolved": "https://registry.npmjs.org/bfile/-/bfile-0.2.2.tgz",
			"integrity": "sha512-X205SsJ7zFAnjeJ/pBLqDqF10x/4Su3pBy8UdVKw4hdGJk7t5pLoRi+uG4rPaDAClGbrEfT/06PGUbYiMYKzTg=="
		},
		"bfilter": {
			"version": "1.0.5",
			"resolved": "https://registry.npmjs.org/bfilter/-/bfilter-1.0.5.tgz",
			"integrity": "sha512-GupIidtCvLbKhXnA1sxvrwa+gh95qbjafy7P1U1x/2DHxNabXq4nGW0x3rmgzlJMYlVl+c8fMxoMRIwpKYlgcQ==",
			"requires": {
				"bsert": "~0.0.10",
				"bufio": "~1.0.6",
				"mrmr": "~0.1.6"
			}
		},
		"bheep": {
			"version": "0.1.5",
			"resolved": "https://registry.npmjs.org/bheep/-/bheep-0.1.5.tgz",
			"integrity": "sha512-0KR5Zi8hgJBKL35+aYzndCTtgSGakOMxrYw2uszd5UmXTIfx3+drPGoETlVbQ6arTdAzSoQYA1j35vbaWpQXBg==",
			"requires": {
				"bsert": "~0.0.10"
			}
		},
		"bignumber.js": {
			"version": "7.2.1",
			"resolved": "https://registry.npmjs.org/bignumber.js/-/bignumber.js-7.2.1.tgz",
			"integrity": "sha512-S4XzBk5sMB+Rcb/LNcpzXr57VRTxgAvaAEDAl1AwRx27j00hT84O6OkteE7u8UB3NuaaygCRrEpqox4uDOrbdQ=="
		},
		"binet": {
			"version": "0.3.6",
			"resolved": "https://registry.npmjs.org/binet/-/binet-0.3.6.tgz",
			"integrity": "sha512-6pm+Gc3uNiiJZEv0k8JDWqQlo9ki/o9UNAkLmr0EGm7hI5MboOJVIOlO1nw3YuDkLHWN78OPsaC4JhRkn2jMLw==",
			"requires": {
				"bs32": "~0.1.5",
				"bsert": "~0.0.10"
			}
		},
		"blgr": {
			"version": "0.1.8",
			"resolved": "https://registry.npmjs.org/blgr/-/blgr-0.1.8.tgz",
			"integrity": "sha512-9AvDK+lc92q//63S8cHtkaB060YOZqoqd0DkMwn35mR1SrcY0FXnCHePHZFx6Oe1d/6wj8Lw7mKEGoShCUf3Yw==",
			"requires": {
				"bsert": "~0.0.10"
			}
		},
		"blru": {
			"version": "0.1.6",
			"resolved": "https://registry.npmjs.org/blru/-/blru-0.1.6.tgz",
			"integrity": "sha512-34+xZ2u4ys/aUzWCU9m6Eee4nVuN1ywdxbi8b3Z2WULU6qvnfeHvCWEdGzlVfRbbhimG2xxJX6R77GD2cuVO6w==",
			"requires": {
				"bsert": "~0.0.10"
			}
		},
		"blst": {
			"version": "0.1.5",
			"resolved": "https://registry.npmjs.org/blst/-/blst-0.1.5.tgz",
			"integrity": "sha512-TPl04Cx3CHdPFAJ2x9Xx1Z1FOfpAzmNPfHkfo+pGAaNH4uLhS58ExvamVkZh3jadF+B7V5sMtqvrqdf9mHINYA==",
			"requires": {
				"bsert": "~0.0.10"
			}
		},
		"bmutex": {
			"version": "0.1.6",
			"resolved": "https://registry.npmjs.org/bmutex/-/bmutex-0.1.6.tgz",
			"integrity": "sha512-nXWOXtQHbfPaMl6jyEF/rmRMrcemj2qn+OCAI/uZYurjfx7Dg3baoXdPzHOL0U8Cfvn8CWxKcnM/rgxL7DR4zw==",
			"requires": {
				"bsert": "~0.0.10"
			}
		},
		"bns": {
			"version": "0.14.0",
			"resolved": "https://registry.npmjs.org/bns/-/bns-0.14.0.tgz",
			"integrity": "sha512-lqxDpj9gX7OtihwAzMhlMk0w38ObZu+aRSF9fzG/wUfF6RfocFSFDGHA+KVbLNXudiTStzhWVGc8cJmcL4IHYw==",
			"requires": {
				"bcrypto": "~5.4.0",
				"bfile": "~0.2.2",
				"bheep": "~0.1.5",
				"binet": "~0.3.6",
				"bs32": "~0.1.6",
				"bsert": "~0.0.10",
				"btcp": "~0.1.5",
				"budp": "~0.1.6",
				"bufio": "~1.0.7",
				"unbound": "~0.4.3"
			}
		},
		"brq": {
			"version": "0.1.8",
			"resolved": "https://registry.npmjs.org/brq/-/brq-0.1.8.tgz",
			"integrity": "sha512-6SDY1lJMKXgt5TZ6voJQMH2zV1XPWWtm203PSkx3DSg9AYNYuRfOPFSBDkNemabzgpzFW9/neR4YhTvyJml8rQ==",
			"requires": {
				"bsert": "~0.0.10"
			}
		},
		"bs32": {
			"version": "0.1.6",
			"resolved": "https://registry.npmjs.org/bs32/-/bs32-0.1.6.tgz",
			"integrity": "sha512-usjDesQqZ8ihHXOnOEQuAdymBHnJEfSd+aELFSg1jN/V3iAf12HrylHlRJwIt6DTMmXpBDQ+YBg3Q3DIYdhRgQ==",
			"requires": {
				"bsert": "~0.0.10"
			}
		},
		"bsert": {
			"version": "0.0.10",
			"resolved": "https://registry.npmjs.org/bsert/-/bsert-0.0.10.tgz",
			"integrity": "sha512-NHNwlac+WPy4t2LoNh8pXk8uaIGH3NSaIUbTTRXGpE2WEbq0te/tDykYHkFK57YKLPjv/aGHmbqvnGeVWDz57Q=="
		},
		"bsock": {
			"version": "0.1.9",
			"resolved": "https://registry.npmjs.org/bsock/-/bsock-0.1.9.tgz",
			"integrity": "sha512-/l9Kg/c5o+n/0AqreMxh2jpzDMl1ikl4gUxT7RFNe3A3YRIyZkiREhwcjmqxiymJSRI/Qhew357xGn1SLw/xEw==",
			"requires": {
				"bsert": "~0.0.10"
			}
		},
		"bsocks": {
			"version": "0.2.6",
			"resolved": "https://registry.npmjs.org/bsocks/-/bsocks-0.2.6.tgz",
			"integrity": "sha512-66UkjoB9f7lhT+WKgYq8MQa6nkr96mlX64JYMlIsXe/X4VeqNwvsx7UOE3ZqD6lkwg8GvBhapRTWj0qWO3Pw8w==",
			"requires": {
				"binet": "~0.3.5",
				"bsert": "~0.0.10"
			}
		},
		"btcp": {
			"version": "0.1.5",
			"resolved": "https://registry.npmjs.org/btcp/-/btcp-0.1.5.tgz",
			"integrity": "sha512-tkrtMDxeJorn5p0KxaLXELneT8AbfZMpOFeoKYZ5qCCMMSluNuwut7pGccLC5YOJqmuk0DR774vNVQLC9sNq/A=="
		},
		"budp": {
			"version": "0.1.6",
			"resolved": "https://registry.npmjs.org/budp/-/budp-0.1.6.tgz",
			"integrity": "sha512-o+a8NPq3DhV91j4nInjht2md6mbU1XL+7ciPltP66rw5uD3KP1m5r8lA94LZVaPKcFdJ0l2HVVzRNxnY26Pefg=="
		},
		"buffer-equal-constant-time": {
			"version": "1.0.1",
			"resolved": "https://registry.npmjs.org/buffer-equal-constant-time/-/buffer-equal-constant-time-1.0.1.tgz",
			"integrity": "sha1-+OcRMvf/5uAaXJaXpMbz5I1cyBk="
		},
		"buffer-from": {
			"version": "1.1.1",
			"resolved": "https://registry.npmjs.org/buffer-from/-/buffer-from-1.1.1.tgz",
			"integrity": "sha512-MQcXEUbCKtEo7bhqEs6560Hyd4XaovZlO/k9V3hjVUF/zwW7KBVdSK4gIt/bzwS9MbR5qob+F5jusZsb0YQK2A=="
		},
		"buffer-map": {
			"version": "0.0.7",
			"resolved": "https://registry.npmjs.org/buffer-map/-/buffer-map-0.0.7.tgz",
			"integrity": "sha512-95try3p/vMRkIAAnJDaGkFhGpT/65NoeW6XelEPjAomWYR58RQtW4khn0SwKj34kZoE7uxL7w2koZSwbnszvQQ=="
		},
		"bufio": {
			"version": "1.0.7",
			"resolved": "https://registry.npmjs.org/bufio/-/bufio-1.0.7.tgz",
			"integrity": "sha512-bd1dDQhiC+bEbEfg56IdBv7faWa6OipMs/AFFFvtFnB3wAYjlwQpQRZ0pm6ZkgtfL0pILRXhKxOiQj6UzoMR7A=="
		},
		"bupnp": {
			"version": "0.2.6",
			"resolved": "https://registry.npmjs.org/bupnp/-/bupnp-0.2.6.tgz",
			"integrity": "sha512-J6ykzJhZMxXKN78K+1NzFi3v/51X2Mvzp2hW42BWwmxIVfau6PaN99gyABZ8x05e8MObWbsAis23gShhj9qpbw==",
			"requires": {
				"binet": "~0.3.5",
				"brq": "~0.1.7",
				"bsert": "~0.0.10"
			}
		},
		"bval": {
			"version": "0.1.6",
			"resolved": "https://registry.npmjs.org/bval/-/bval-0.1.6.tgz",
			"integrity": "sha512-jxNH9gSx7g749hQtS+nTxXYz/bLxwr4We1RHFkCYalNYcj12RfbW6qYWsKu0RYiKAdFcbNoZRHmWrIuXIyhiQQ==",
			"requires": {
				"bsert": "~0.0.10"
			}
		},
		"bweb": {
			"version": "0.1.10",
			"resolved": "https://registry.npmjs.org/bweb/-/bweb-0.1.10.tgz",
			"integrity": "sha512-3Kkz/rfsyAWUS+8DV5XYhwcgVN4DfDewrP+iFTcpQfdZzcF6+OypAq7dHOtXV0sW7U/3msA/sEEqz0MHZ9ERWg==",
			"requires": {
				"bsert": "~0.0.10",
				"bsock": "~0.1.8"
			}
		},
		"caseless": {
			"version": "0.12.0",
			"resolved": "https://registry.npmjs.org/caseless/-/caseless-0.12.0.tgz",
			"integrity": "sha1-G2gcIf+EAzyCZUMJBolCDRhxUdw="
		},
		"combined-stream": {
			"version": "1.0.8",
			"resolved": "https://registry.npmjs.org/combined-stream/-/combined-stream-1.0.8.tgz",
			"integrity": "sha512-FQN4MRfuJeHf7cBbBMJFXhKSDq+2kAArBlmRBvcvFE5BB1HZKXtSFASDhdlz9zOYwxh8lDdnvmMOe/+5cdoEdg==",
			"requires": {
				"delayed-stream": "~1.0.0"
			}
		},
		"concat-stream": {
			"version": "1.6.2",
			"resolved": "https://registry.npmjs.org/concat-stream/-/concat-stream-1.6.2.tgz",
			"integrity": "sha512-27HBghJxjiZtIk3Ycvn/4kbJk/1uZuJFfuPEns6LaEvpvG1f0hTea8lilrouyo9mVc2GWdcEZ8OLoGmSADlrCw==",
			"requires": {
				"buffer-from": "^1.0.0",
				"inherits": "^2.0.3",
				"readable-stream": "^2.2.2",
				"typedarray": "^0.0.6"
			}
		},
		"core-util-is": {
			"version": "1.0.2",
			"resolved": "https://registry.npmjs.org/core-util-is/-/core-util-is-1.0.2.tgz",
			"integrity": "sha1-tf1UIgqivFq1eqtxQMlAdUUDwac="
		},
		"dashdash": {
			"version": "1.14.1",
			"resolved": "https://registry.npmjs.org/dashdash/-/dashdash-1.14.1.tgz",
			"integrity": "sha1-hTz6D3y+L+1d4gMmuN1YEDX24vA=",
			"requires": {
				"assert-plus": "^1.0.0"
			}
		},
		"debug": {
			"version": "4.1.1",
			"resolved": "https://registry.npmjs.org/debug/-/debug-4.1.1.tgz",
			"integrity": "sha512-pYAIzeRo8J6KPEaJ0VWOh5Pzkbw/RetuzehGM7QRRX5he4fPHx2rdKMB256ehJCkX+XRQm16eZLqLNS8RSZXZw==",
			"requires": {
				"ms": "^2.1.1"
			}
		},
		"delayed-stream": {
			"version": "1.0.0",
			"resolved": "https://registry.npmjs.org/delayed-stream/-/delayed-stream-1.0.0.tgz",
			"integrity": "sha1-3zrhmayt+31ECqrgsp4icrJOxhk="
		},
		"denque": {
			"version": "1.5.0",
			"resolved": "https://registry.npmjs.org/denque/-/denque-1.5.0.tgz",
			"integrity": "sha512-CYiCSgIF1p6EUByQPlGkKnP1M9g0ZV3qMIrqMqZqdwazygIA/YP2vrbcyl1h/WppKJTdl1F85cXIle+394iDAQ=="
		},
		"ecc-jsbn": {
			"version": "0.1.2",
			"resolved": "https://registry.npmjs.org/ecc-jsbn/-/ecc-jsbn-0.1.2.tgz",
			"integrity": "sha1-OoOpBOVDUyh4dMVkt1SThoSamMk=",
			"requires": {
				"jsbn": "~0.1.0",
				"safer-buffer": "^2.1.0"
			}
		},
		"ecdsa-sig-formatter": {
			"version": "1.0.11",
			"resolved": "https://registry.npmjs.org/ecdsa-sig-formatter/-/ecdsa-sig-formatter-1.0.11.tgz",
			"integrity": "sha512-nagl3RYrbNv6kQkeJIpt6NJZy8twLB/2vtz6yN9Z4vRKHN4/QZJIEbqohALSgwKdnksuY3k5Addp5lg8sVoVcQ==",
			"requires": {
				"safe-buffer": "^5.0.1"
			}
		},
		"event-target-shim": {
			"version": "5.0.1",
			"resolved": "https://registry.npmjs.org/event-target-shim/-/event-target-shim-5.0.1.tgz",
			"integrity": "sha512-i/2XbnSz/uxRCU6+NdVJgKWDTM427+MqYbkQzD321DuCQJUqOuJKIA0IM2+W2xtYHdKOmZ4dR6fExsd4SXL+WQ=="
		},
		"extend": {
			"version": "3.0.2",
			"resolved": "https://registry.npmjs.org/extend/-/extend-3.0.2.tgz",
			"integrity": "sha512-fjquC59cD7CyW6urNXK0FBufkZcoiGG80wTuPujX590cB5Ttln20E2UB4S/WARVqhXffZl2LNgS+gQdPIIim/g=="
		},
		"extsprintf": {
			"version": "1.3.0",
			"resolved": "https://registry.npmjs.org/extsprintf/-/extsprintf-1.3.0.tgz",
			"integrity": "sha1-lpGEQOMEGnpBT4xS48V06zw+HgU="
		},
		"fast-deep-equal": {
			"version": "3.1.1",
			"resolved": "https://registry.npmjs.org/fast-deep-equal/-/fast-deep-equal-3.1.1.tgz",
			"integrity": "sha512-8UEa58QDLauDNfpbrX55Q9jrGHThw2ZMdOky5Gl1CDtVeJDPVrG4Jxx1N8jw2gkWaff5UUuX1KJd+9zGe2B+ZA=="
		},
		"fast-json-stable-stringify": {
			"version": "2.1.0",
			"resolved": "https://registry.npmjs.org/fast-json-stable-stringify/-/fast-json-stable-stringify-2.1.0.tgz",
			"integrity": "sha512-lhd/wF+Lk98HZoTCtlVraHtfh5XYijIjalXck7saUtuanSDyLMxnHhSXEDJqHxD7msR8D0uCmqlkwjCV8xvwHw=="
		},
		"fast-text-encoding": {
			"version": "1.0.1",
			"resolved": "https://registry.npmjs.org/fast-text-encoding/-/fast-text-encoding-1.0.1.tgz",
			"integrity": "sha512-x4FEgaz3zNRtJfLFqJmHWxkMDDvXVtaznj2V9jiP8ACUJrUgist4bP9FmDL2Vew2Y9mEQI/tG4GqabaitYp9CQ=="
		},
		"forever-agent": {
			"version": "0.6.1",
			"resolved": "https://registry.npmjs.org/forever-agent/-/forever-agent-0.6.1.tgz",
			"integrity": "sha1-+8cfDEGt6zf5bFd60e1C2P2sypE="
		},
		"form-data": {
			"version": "2.3.3",
			"resolved": "https://registry.npmjs.org/form-data/-/form-data-2.3.3.tgz",
			"integrity": "sha512-1lLKB2Mu3aGP1Q/2eCOx0fNbRMe7XdwktwOruhfqqd0rIJWwN4Dh+E3hrPSlDCXnSR7UtZ1N38rVXm+6+MEhJQ==",
			"requires": {
				"asynckit": "^0.4.0",
				"combined-stream": "^1.0.6",
				"mime-types": "^2.1.12"
			}
		},
		"gaxios": {
			"version": "2.3.4",
			"resolved": "https://registry.npmjs.org/gaxios/-/gaxios-2.3.4.tgz",
			"integrity": "sha512-US8UMj8C5pRnao3Zykc4AAVr+cffoNKRTg9Rsf2GiuZCW69vgJj38VK2PzlPuQU73FZ/nTk9/Av6/JGcE1N9vA==",
			"requires": {
				"abort-controller": "^3.0.0",
				"extend": "^3.0.2",
				"https-proxy-agent": "^5.0.0",
				"is-stream": "^2.0.0",
				"node-fetch": "^2.3.0"
			}
		},
		"gcp-metadata": {
			"version": "3.5.0",
			"resolved": "https://registry.npmjs.org/gcp-metadata/-/gcp-metadata-3.5.0.tgz",
			"integrity": "sha512-ZQf+DLZ5aKcRpLzYUyBS3yo3N0JSa82lNDO8rj3nMSlovLcz2riKFBsYgDzeXcv75oo5eqB2lx+B14UvPoCRnA==",
			"requires": {
				"gaxios": "^2.1.0",
				"json-bigint": "^0.3.0"
			}
		},
		"get-port": {
			"version": "3.2.0",
			"resolved": "https://registry.npmjs.org/get-port/-/get-port-3.2.0.tgz",
			"integrity": "sha1-3Xzn3hh8Bsi/NTeWrHHgmfCYDrw="
		},
		"getpass": {
			"version": "0.1.7",
			"resolved": "https://registry.npmjs.org/getpass/-/getpass-0.1.7.tgz",
			"integrity": "sha1-Xv+OPmhNVprkyysSgmBOi6YhSfo=",
			"requires": {
				"assert-plus": "^1.0.0"
			}
		},
		"google-auth-library": {
			"version": "5.10.1",
			"resolved": "https://registry.npmjs.org/google-auth-library/-/google-auth-library-5.10.1.tgz",
			"integrity": "sha512-rOlaok5vlpV9rSiUu5EpR0vVpc+PhN62oF4RyX/6++DG1VsaulAFEMlDYBLjJDDPI6OcNOCGAKy9UVB/3NIDXg==",
			"requires": {
				"arrify": "^2.0.0",
				"base64-js": "^1.3.0",
				"ecdsa-sig-formatter": "^1.0.11",
				"fast-text-encoding": "^1.0.0",
				"gaxios": "^2.1.0",
				"gcp-metadata": "^3.4.0",
				"gtoken": "^4.1.0",
				"jws": "^4.0.0",
				"lru-cache": "^5.0.0"
			}
		},
		"google-p12-pem": {
			"version": "2.0.4",
			"resolved": "https://registry.npmjs.org/google-p12-pem/-/google-p12-pem-2.0.4.tgz",
			"integrity": "sha512-S4blHBQWZRnEW44OcR7TL9WR+QCqByRvhNDZ/uuQfpxywfupikf/miba8js1jZi6ZOGv5slgSuoshCWh6EMDzg==",
			"requires": {
				"node-forge": "^0.9.0"
			}
		},
		"googleapis": {
			"version": "48.0.0",
			"resolved": "https://registry.npmjs.org/googleapis/-/googleapis-48.0.0.tgz",
			"integrity": "sha512-ysp0/GN1BdOC8no1M6Pn/jS445xLL/FiTRa+aYJXD/HhtWFb+NOlNSfHIVnLjlQZsCn6L4qj1EpOaM/979nnEw==",
			"requires": {
				"google-auth-library": "^5.6.1",
				"googleapis-common": "^3.2.0"
			}
		},
		"googleapis-common": {
			"version": "3.2.2",
			"resolved": "https://registry.npmjs.org/googleapis-common/-/googleapis-common-3.2.2.tgz",
			"integrity": "sha512-sTEXlauVce4eMX0S6hVoiWgxVzQZ7dc16KcGF7eh+A+uIyDgXqnuwOMZw+svX4gOJv6w4ACecm23Qh9UDaldsw==",
			"requires": {
				"extend": "^3.0.2",
				"gaxios": "^2.0.1",
				"google-auth-library": "^5.6.1",
				"qs": "^6.7.0",
				"url-template": "^2.0.8",
				"uuid": "^7.0.0"
			},
			"dependencies": {
				"qs": {
					"version": "6.9.3",
					"resolved": "https://registry.npmjs.org/qs/-/qs-6.9.3.tgz",
					"integrity": "sha512-EbZYNarm6138UKKq46tdx08Yo/q9ZhFoAXAI1meAFd2GtbRDhbZY2WQSICskT0c5q99aFzLG1D4nvTk9tqfXIw=="
				},
				"uuid": {
					"version": "7.0.3",
					"resolved": "https://registry.npmjs.org/uuid/-/uuid-7.0.3.tgz",
					"integrity": "sha512-DPSke0pXhTZgoF/d+WSt2QaKMCFSfx7QegxEWT+JOuHF5aWrKEn0G+ztjuJg/gG8/ItK+rbPCD/yNv8yyih6Cg=="
				}
			}
		},
		"goosig": {
			"version": "0.10.0",
			"resolved": "https://registry.npmjs.org/goosig/-/goosig-0.10.0.tgz",
			"integrity": "sha512-+BVVLfxmawAmGVjjJpXzu5LNcFIOfgXgP7kWEyc3qu/xn9RMqbPbNfYDdHBZKfZkDMIO7Q4vD790iNYQAXhoFA==",
			"requires": {
				"bcrypto": "~5.4.0",
				"bsert": "~0.0.10",
				"loady": "~0.0.5"
			}
		},
		"gtoken": {
			"version": "4.1.4",
			"resolved": "https://registry.npmjs.org/gtoken/-/gtoken-4.1.4.tgz",
			"integrity": "sha512-VxirzD0SWoFUo5p8RDP8Jt2AGyOmyYcT/pOUgDKJCK+iSw0TMqwrVfY37RXTNmoKwrzmDHSk0GMT9FsgVmnVSA==",
			"requires": {
				"gaxios": "^2.1.0",
				"google-p12-pem": "^2.0.0",
				"jws": "^4.0.0",
				"mime": "^2.2.0"
			}
		},
		"har-schema": {
			"version": "2.0.0",
			"resolved": "https://registry.npmjs.org/har-schema/-/har-schema-2.0.0.tgz",
			"integrity": "sha1-qUwiJOvKwEeCoNkDVSHyRzW37JI="
		},
		"har-validator": {
			"version": "5.1.3",
			"resolved": "https://registry.npmjs.org/har-validator/-/har-validator-5.1.3.tgz",
			"integrity": "sha512-sNvOCzEQNr/qrvJgc3UG/kD4QtlHycrzwS+6mfTrrSq97BvaYcPZZI1ZSqGSPR73Cxn4LKTD4PttRwfU7jWq5g==",
			"requires": {
				"ajv": "^6.5.5",
				"har-schema": "^2.0.0"
			}
		},
		"hs-client": {
			"version": "0.0.8",
			"resolved": "https://registry.npmjs.org/hs-client/-/hs-client-0.0.8.tgz",
			"integrity": "sha512-G5QZ1F1SFWRdxmbkqWEIfND8SeY4ZyG5xSebN3wthxBk+0uen2/7QTsfHpRvZWfIIHprt16wCLvel+sPE880eA==",
			"requires": {
				"bcfg": "~0.1.6",
				"bcurl": "~0.1.6",
				"bsert": "~0.0.10"
			}
		},
		"hsd": {
			"version": "git+https://github.com/handshake-org/hsd.git#9f0361f7e5b0bf0d2de6879c4d149991a45aab32",
			"from": "git+https://github.com/handshake-org/hsd.git",
			"requires": {
				"bcfg": "~0.1.6",
				"bcrypto": "~5.4.0",
				"bdb": "~1.3.0",
				"bdns": "~0.1.5",
				"bevent": "~0.1.5",
				"bfile": "~0.2.2",
				"bfilter": "~1.0.5",
				"bheep": "~0.1.5",
				"binet": "~0.3.6",
				"blgr": "~0.1.8",
				"blru": "~0.1.6",
				"blst": "~0.1.5",
				"bmutex": "~0.1.6",
				"bns": "~0.14.0",
				"bsert": "~0.0.10",
				"bsock": "~0.1.9",
				"bsocks": "~0.2.5",
				"btcp": "~0.1.5",
				"buffer-map": "~0.0.7",
				"bufio": "~1.0.7",
				"bupnp": "~0.2.6",
				"bval": "~0.1.6",
				"bweb": "~0.1.10",
				"goosig": "~0.10.0",
				"hs-client": "~0.0.9",
				"n64": "~0.2.10",
				"urkel": "~0.7.0"
			},
			"dependencies": {
				"bcurl": {
					"version": "0.1.9",
					"resolved": "https://registry.npmjs.org/bcurl/-/bcurl-0.1.9.tgz",
					"integrity": "sha512-WV9LKCqFPtmGwIOqHexJx3Mm/9H/G5bwSCZxJXq9WRrnVQmd58L+Ltxgp/2QicveDG6AgTfepP6JtNiYWbbeHQ==",
					"requires": {
						"brq": "~0.1.8",
						"bsert": "~0.0.10",
						"bsock": "~0.1.9"
					}
				},
				"hs-client": {
					"version": "0.0.9",
					"resolved": "https://registry.npmjs.org/hs-client/-/hs-client-0.0.9.tgz",
					"integrity": "sha512-TAsexmpPhSVdCQ1iiX4bBnuqlThTSdGz/YKq+vjLSS1TZ2TwKxERJ8vZh1Wd6GGaMGLZl99uQR+2wUyk4HLSbg==",
					"requires": {
						"bcfg": "~0.1.6",
						"bcurl": "~0.1.9",
						"bsert": "~0.0.10"
					}
				}
			}
		},
		"http-basic": {
			"version": "8.1.3",
			"resolved": "https://registry.npmjs.org/http-basic/-/http-basic-8.1.3.tgz",
			"integrity": "sha512-/EcDMwJZh3mABI2NhGfHOGOeOZITqfkEO4p/xK+l3NpyncIHUQBoMvCSF/b5GqvKtySC2srL/GGG3+EtlqlmCw==",
			"requires": {
				"caseless": "^0.12.0",
				"concat-stream": "^1.6.2",
				"http-response-object": "^3.0.1",
				"parse-cache-control": "^1.0.1"
			}
		},
		"http-response-object": {
			"version": "3.0.2",
			"resolved": "https://registry.npmjs.org/http-response-object/-/http-response-object-3.0.2.tgz",
			"integrity": "sha512-bqX0XTF6fnXSQcEJ2Iuyr75yVakyjIDCqroJQ/aHfSdlM743Cwqoi2nDYMzLGWUcuTWGWy8AAvOKXTfiv6q9RA==",
			"requires": {
				"@types/node": "^10.0.3"
			}
		},
		"http-signature": {
			"version": "1.2.0",
			"resolved": "https://registry.npmjs.org/http-signature/-/http-signature-1.2.0.tgz",
			"integrity": "sha1-muzZJRFHcvPZW2WmCruPfBj7rOE=",
			"requires": {
				"assert-plus": "^1.0.0",
				"jsprim": "^1.2.2",
				"sshpk": "^1.7.0"
			}
		},
		"https-proxy-agent": {
			"version": "5.0.0",
			"resolved": "https://registry.npmjs.org/https-proxy-agent/-/https-proxy-agent-5.0.0.tgz",
			"integrity": "sha512-EkYm5BcKUGiduxzSt3Eppko+PiNWNEpa4ySk9vTC6wDsQJW9rHSa+UhGNJoRYp7bz6Ht1eaRIa6QaJqO5rCFbA==",
			"requires": {
				"agent-base": "6",
				"debug": "4"
			}
		},
		"inherits": {
			"version": "2.0.4",
			"resolved": "https://registry.npmjs.org/inherits/-/inherits-2.0.4.tgz",
			"integrity": "sha512-k/vGaX4/Yla3WzyMCvTQOXYeIHvqOKtnqBduzTHpzpQZzAskKMhZ2K+EnBiSM9zGSoIFeMpXKxa4dYeZIQqewQ=="
		},
		"is-stream": {
			"version": "2.0.0",
			"resolved": "https://registry.npmjs.org/is-stream/-/is-stream-2.0.0.tgz",
			"integrity": "sha512-XCoy+WlUr7d1+Z8GgSuXmpuUFC9fOhRXglJMx+dwLKTkL44Cjd4W1Z5P+BQZpr+cR93aGP4S/s7Ftw6Nd/kiEw=="
		},
		"is-typedarray": {
			"version": "1.0.0",
			"resolved": "https://registry.npmjs.org/is-typedarray/-/is-typedarray-1.0.0.tgz",
			"integrity": "sha1-5HnICFjfDBsR3dppQPlgEfzaSpo="
		},
		"isarray": {
			"version": "1.0.0",
			"resolved": "https://registry.npmjs.org/isarray/-/isarray-1.0.0.tgz",
			"integrity": "sha1-u5NdSFgsuhaMBoNJV6VKPgcSTxE="
		},
		"isstream": {
			"version": "0.1.2",
			"resolved": "https://registry.npmjs.org/isstream/-/isstream-0.1.2.tgz",
			"integrity": "sha1-R+Y/evVa+m+S4VAOaQ64uFKcCZo="
		},
		"jsbn": {
			"version": "0.1.1",
			"resolved": "https://registry.npmjs.org/jsbn/-/jsbn-0.1.1.tgz",
			"integrity": "sha1-peZUwuWi3rXyAdls77yoDA7y9RM="
		},
		"json-bigint": {
			"version": "0.3.0",
			"resolved": "https://registry.npmjs.org/json-bigint/-/json-bigint-0.3.0.tgz",
			"integrity": "sha1-DM2RLEuCcNBfBW+9E4FLU9OCWx4=",
			"requires": {
				"bignumber.js": "^7.0.0"
			}
		},
		"json-schema": {
			"version": "0.2.3",
			"resolved": "https://registry.npmjs.org/json-schema/-/json-schema-0.2.3.tgz",
			"integrity": "sha1-tIDIkuWaLwWVTOcnvT8qTogvnhM="
		},
		"json-schema-traverse": {
			"version": "0.4.1",
			"resolved": "https://registry.npmjs.org/json-schema-traverse/-/json-schema-traverse-0.4.1.tgz",
			"integrity": "sha512-xbbCH5dCYU5T8LcEhhuh7HJ88HXuW3qsI3Y0zOZFKfZEHcpWiHU/Jxzk629Brsab/mMiHQti9wMP+845RPe3Vg=="
		},
		"json-stringify-safe": {
			"version": "5.0.1",
			"resolved": "https://registry.npmjs.org/json-stringify-safe/-/json-stringify-safe-5.0.1.tgz",
			"integrity": "sha1-Epai1Y/UXxmg9s4B1lcB4sc1tus="
		},
		"jsprim": {
			"version": "1.4.1",
			"resolved": "https://registry.npmjs.org/jsprim/-/jsprim-1.4.1.tgz",
			"integrity": "sha1-MT5mvB5cwG5Di8G3SZwuXFastqI=",
			"requires": {
				"assert-plus": "1.0.0",
				"extsprintf": "1.3.0",
				"json-schema": "0.2.3",
				"verror": "1.10.0"
			}
		},
		"jwa": {
			"version": "2.0.0",
			"resolved": "https://registry.npmjs.org/jwa/-/jwa-2.0.0.tgz",
			"integrity": "sha512-jrZ2Qx916EA+fq9cEAeCROWPTfCwi1IVHqT2tapuqLEVVDKFDENFw1oL+MwrTvH6msKxsd1YTDVw6uKEcsrLEA==",
			"requires": {
				"buffer-equal-constant-time": "1.0.1",
				"ecdsa-sig-formatter": "1.0.11",
				"safe-buffer": "^5.0.1"
			}
		},
		"jws": {
			"version": "4.0.0",
			"resolved": "https://registry.npmjs.org/jws/-/jws-4.0.0.tgz",
			"integrity": "sha512-KDncfTmOZoOMTFG4mBlG0qUIOlc03fmzH+ru6RgYVZhPkyiy/92Owlt/8UEN+a4TXR1FQetfIpJE8ApdvdVxTg==",
			"requires": {
				"jwa": "^2.0.0",
				"safe-buffer": "^5.0.1"
			}
		},
		"loady": {
			"version": "0.0.5",
			"resolved": "https://registry.npmjs.org/loady/-/loady-0.0.5.tgz",
			"integrity": "sha512-uxKD2HIj042/HBx77NBcmEPsD+hxCgAtjEWlYNScuUjIsh/62Uyu39GOR68TBR68v+jqDL9zfftCWoUo4y03sQ=="
		},
		"lru-cache": {
			"version": "5.1.1",
			"resolved": "https://registry.npmjs.org/lru-cache/-/lru-cache-5.1.1.tgz",
			"integrity": "sha512-KpNARQA3Iwv+jTA0utUVVbrh+Jlrr1Fv0e56GGzAFOXN7dk/FviaDW8LHmK52DlcH4WP2n6gI8vN1aesBFgo9w==",
			"requires": {
				"yallist": "^3.0.2"
			}
		},
		"mime": {
			"version": "2.4.4",
			"resolved": "https://registry.npmjs.org/mime/-/mime-2.4.4.tgz",
			"integrity": "sha512-LRxmNwziLPT828z+4YkNzloCFC2YM4wrB99k+AV5ZbEyfGNWfG8SO1FUXLmLDBSo89NrJZ4DIWeLjy1CHGhMGA=="
		},
		"mime-db": {
			"version": "1.43.0",
			"resolved": "https://registry.npmjs.org/mime-db/-/mime-db-1.43.0.tgz",
			"integrity": "sha512-+5dsGEEovYbT8UY9yD7eE4XTc4UwJ1jBYlgaQQF38ENsKR3wj/8q8RFZrF9WIZpB2V1ArTVFUva8sAul1NzRzQ=="
		},
		"mime-types": {
			"version": "2.1.26",
			"resolved": "https://registry.npmjs.org/mime-types/-/mime-types-2.1.26.tgz",
			"integrity": "sha512-01paPWYgLrkqAyrlDorC1uDwl2p3qZT7yl806vW7DvDoxwXi46jsjFbg+WdwotBIk6/MbEhO/dh5aZ5sNj/dWQ==",
			"requires": {
				"mime-db": "1.43.0"
			}
		},
		"mrmr": {
			"version": "0.1.10",
			"resolved": "https://registry.npmjs.org/mrmr/-/mrmr-0.1.10.tgz",
			"integrity": "sha512-NJRJs+yJyRWwcTqLRf7O32n56UP1+UQoTrGVEoB3LMj0h2jlon790drDbxKvi5mK5k4HfC0cpNkxqHcrJK/evg==",
			"requires": {
				"bsert": "~0.0.10",
				"loady": "~0.0.5"
			}
		},
		"ms": {
			"version": "2.1.2",
			"resolved": "https://registry.npmjs.org/ms/-/ms-2.1.2.tgz",
			"integrity": "sha512-sGkPx+VjMtmA6MX27oA4FBFELFCZZ4S4XqeGOXCv68tT+jb3vk/RyaKWP0PTKyWtmLSM0b+adUTEvbs1PEaH2w=="
		},
		"n64": {
			"version": "0.2.10",
			"resolved": "https://registry.npmjs.org/n64/-/n64-0.2.10.tgz",
			"integrity": "sha512-uH9geV4+roR1tohsrrqSOLCJ9Mh1iFcDI+9vUuydDlDxUS1UCAWUfuGb06p3dj3flzywquJNrGsQ7lHP8+4RVQ=="
		},
		"node-fetch": {
			"version": "2.6.0",
			"resolved": "https://registry.npmjs.org/node-fetch/-/node-fetch-2.6.0.tgz",
			"integrity": "sha512-8dG4H5ujfvFiqDmVu9fQ5bOHUC15JMjMY/Zumv26oOvvVJjM67KF8koCWIabKQ1GJIa9r2mMZscBq/TbdOcmNA=="
		},
		"node-forge": {
			"version": "0.9.1",
			"resolved": "https://registry.npmjs.org/node-forge/-/node-forge-0.9.1.tgz",
			"integrity": "sha512-G6RlQt5Sb4GMBzXvhfkeFmbqR6MzhtnT7VTHuLadjkii3rdYHNdw0m8zA4BTxVIh68FicCQ2NSUANpsqkr9jvQ=="
		},
		"numeral": {
			"version": "2.0.6",
			"resolved": "https://registry.npmjs.org/numeral/-/numeral-2.0.6.tgz",
			"integrity": "sha1-StCAk21EPCVhrtnyGX7//iX05QY="
		},
		"oauth-sign": {
			"version": "0.9.0",
			"resolved": "https://registry.npmjs.org/oauth-sign/-/oauth-sign-0.9.0.tgz",
			"integrity": "sha512-fexhUFFPTGV8ybAtSIGbV6gOkSv8UtRbDBnAyLQw4QPKkgNlsH2ByPGtMUqdWkos6YCRmAqViwgZrJc/mRDzZQ=="
		},
		"parse-cache-control": {
			"version": "1.0.1",
			"resolved": "https://registry.npmjs.org/parse-cache-control/-/parse-cache-control-1.0.1.tgz",
			"integrity": "sha1-juqz5U+laSD+Fro493+iGqzC104="
		},
		"performance-now": {
			"version": "2.1.0",
			"resolved": "https://registry.npmjs.org/performance-now/-/performance-now-2.1.0.tgz",
			"integrity": "sha1-Ywn04OX6kT7BxpMHrjZLSzd8nns="
		},
		"process-nextick-args": {
			"version": "2.0.1",
			"resolved": "https://registry.npmjs.org/process-nextick-args/-/process-nextick-args-2.0.1.tgz",
			"integrity": "sha512-3ouUOpQhtgrbOa17J7+uxOTpITYWaGP7/AhoR3+A+/1e9skrzelGi/dXzEYyvbxubEF6Wn2ypscTKiKJFFn1ag=="
		},
		"promise": {
			"version": "8.1.0",
			"resolved": "https://registry.npmjs.org/promise/-/promise-8.1.0.tgz",
			"integrity": "sha512-W04AqnILOL/sPRXziNicCjSNRruLAuIHEOVBazepu0545DDNGYHz7ar9ZgZ1fMU8/MA4mVxp5rkBWRi6OXIy3Q==",
			"requires": {
				"asap": "~2.0.6"
			}
		},
		"psl": {
			"version": "1.8.0",
			"resolved": "https://registry.npmjs.org/psl/-/psl-1.8.0.tgz",
			"integrity": "sha512-RIdOzyoavK+hA18OGGWDqUTsCLhtA7IcZ/6NCs4fFJaHBDab+pDDmDIByWFRQJq2Cd7r1OoQxBGKOaztq+hjIQ=="
		},
		"punycode": {
			"version": "2.1.1",
			"resolved": "https://registry.npmjs.org/punycode/-/punycode-2.1.1.tgz",
			"integrity": "sha512-XRsRjdf+j5ml+y/6GKHPZbrF/8p2Yga0JPtdqTIY2Xe5ohJPD9saDJJLPvp9+NSBprVvevdXZybnj2cv8OEd0A=="
		},
		"qs": {
			"version": "6.5.2",
			"resolved": "https://registry.npmjs.org/qs/-/qs-6.5.2.tgz",
			"integrity": "sha512-N5ZAX4/LxJmF+7wN74pUD6qAh9/wnvdQcjq9TZjevvXzSUo7bfmw91saqMjzGS2xq91/odN2dW/WOl7qQHNDGA=="
		},
		"readable-stream": {
			"version": "2.3.7",
			"resolved": "https://registry.npmjs.org/readable-stream/-/readable-stream-2.3.7.tgz",
			"integrity": "sha512-Ebho8K4jIbHAxnuxi7o42OrZgF/ZTNcsZj6nRKyUmkhLFq8CHItp/fy6hQZuZmP/n3yZ9VBUbp4zz/mX8hmYPw==",
			"requires": {
				"core-util-is": "~1.0.0",
				"inherits": "~2.0.3",
				"isarray": "~1.0.0",
				"process-nextick-args": "~2.0.0",
				"safe-buffer": "~5.1.1",
				"string_decoder": "~1.1.1",
				"util-deprecate": "~1.0.1"
			},
			"dependencies": {
				"safe-buffer": {
					"version": "5.1.2",
					"resolved": "https://registry.npmjs.org/safe-buffer/-/safe-buffer-5.1.2.tgz",
					"integrity": "sha512-Gd2UZBJDkXlY7GbJxfsE8/nvKkUEU1G38c1siN6QP6a9PT9MmHB8GnpscSmMJSoF8LOIrt8ud/wPtojys4G6+g=="
				}
			}
		},
		"redis": {
			"version": "3.1.1",
			"resolved": "https://registry.npmjs.org/redis/-/redis-3.1.1.tgz",
			"integrity": "sha512-QhkKhOuzhogR1NDJfBD34TQJz2ZJwDhhIC6ZmvpftlmfYShHHQXjjNspAJ+Z2HH5NwSBVYBVganbiZ8bgFMHjg==",
			"requires": {
				"denque": "^1.5.0",
				"redis-commands": "^1.7.0",
				"redis-errors": "^1.2.0",
				"redis-parser": "^3.0.0"
			}
		},
		"redis-commands": {
			"version": "1.7.0",
			"resolved": "https://registry.npmjs.org/redis-commands/-/redis-commands-1.7.0.tgz",
			"integrity": "sha512-nJWqw3bTFy21hX/CPKHth6sfhZbdiHP6bTawSgQBlKOVRG7EZkfHbbHwQJnrE4vsQf0CMNE+3gJ4Fmm16vdVlQ=="
		},
		"redis-errors": {
			"version": "1.2.0",
			"resolved": "https://registry.npmjs.org/redis-errors/-/redis-errors-1.2.0.tgz",
			"integrity": "sha1-62LSrbFeTq9GEMBK/hUpOEJQq60="
		},
		"redis-parser": {
			"version": "3.0.0",
			"resolved": "https://registry.npmjs.org/redis-parser/-/redis-parser-3.0.0.tgz",
			"integrity": "sha1-tm2CjNyv5rS4pCin3vTGvKwxyLQ=",
			"requires": {
				"redis-errors": "^1.0.0"
			}
		},
		"request": {
			"version": "2.88.2",
			"resolved": "https://registry.npmjs.org/request/-/request-2.88.2.tgz",
			"integrity": "sha512-MsvtOrfG9ZcrOwAW+Qi+F6HbD0CWXEh9ou77uOb7FM2WPhwT7smM833PzanhJLsgXjN89Ir6V2PczXNnMpwKhw==",
			"requires": {
				"aws-sign2": "~0.7.0",
				"aws4": "^1.8.0",
				"caseless": "~0.12.0",
				"combined-stream": "~1.0.6",
				"extend": "~3.0.2",
				"forever-agent": "~0.6.1",
				"form-data": "~2.3.2",
				"har-validator": "~5.1.3",
				"http-signature": "~1.2.0",
				"is-typedarray": "~1.0.0",
				"isstream": "~0.1.2",
				"json-stringify-safe": "~5.0.1",
				"mime-types": "~2.1.19",
				"oauth-sign": "~0.9.0",
				"performance-now": "^2.1.0",
				"qs": "~6.5.2",
				"safe-buffer": "^5.1.2",
				"tough-cookie": "~2.5.0",
				"tunnel-agent": "^0.6.0",
				"uuid": "^3.3.2"
			}
		},
		"safe-buffer": {
			"version": "5.2.0",
			"resolved": "https://registry.npmjs.org/safe-buffer/-/safe-buffer-5.2.0.tgz",
			"integrity": "sha512-fZEwUGbVl7kouZs1jCdMLdt95hdIv0ZeHg6L7qPeciMZhZ+/gdesW4wgTARkrFWEpspjEATAzUGPG8N2jJiwbg=="
		},
		"safer-buffer": {
			"version": "2.1.2",
			"resolved": "https://registry.npmjs.org/safer-buffer/-/safer-buffer-2.1.2.tgz",
			"integrity": "sha512-YZo3K82SD7Riyi0E1EQPojLz7kpepnSQI9IyPbHHg1XXXevb5dJI7tpyN2ADxGcQbHG7vcyRHk0cbwqcQriUtg=="
		},
		"sshpk": {
			"version": "1.16.1",
			"resolved": "https://registry.npmjs.org/sshpk/-/sshpk-1.16.1.tgz",
			"integrity": "sha512-HXXqVUq7+pcKeLqqZj6mHFUMvXtOJt1uoUx09pFW6011inTMxqI8BA8PM95myrIyyKwdnzjdFjLiE6KBPVtJIg==",
			"requires": {
				"asn1": "~0.2.3",
				"assert-plus": "^1.0.0",
				"bcrypt-pbkdf": "^1.0.0",
				"dashdash": "^1.12.0",
				"ecc-jsbn": "~0.1.1",
				"getpass": "^0.1.1",
				"jsbn": "~0.1.0",
				"safer-buffer": "^2.0.2",
				"tweetnacl": "~0.14.0"
			}
		},
		"string_decoder": {
			"version": "1.1.1",
			"resolved": "https://registry.npmjs.org/string_decoder/-/string_decoder-1.1.1.tgz",
			"integrity": "sha512-n/ShnvDi6FHbbVfviro+WojiFzv+s8MPMHBczVePfUpDJLwoLT0ht1l4YwBCbi8pJAveEEdnkHyPyTP/mzRfwg==",
			"requires": {
				"safe-buffer": "~5.1.0"
			},
			"dependencies": {
				"safe-buffer": {
					"version": "5.1.2",
					"resolved": "https://registry.npmjs.org/safe-buffer/-/safe-buffer-5.1.2.tgz",
					"integrity": "sha512-Gd2UZBJDkXlY7GbJxfsE8/nvKkUEU1G38c1siN6QP6a9PT9MmHB8GnpscSmMJSoF8LOIrt8ud/wPtojys4G6+g=="
				}
			}
		},
		"sync-request": {
			"version": "6.1.0",
			"resolved": "https://registry.npmjs.org/sync-request/-/sync-request-6.1.0.tgz",
			"integrity": "sha512-8fjNkrNlNCrVc/av+Jn+xxqfCjYaBoHqCsDz6mt030UMxJGr+GSfCV1dQt2gRtlL63+VPidwDVLr7V2OcTSdRw==",
			"requires": {
				"http-response-object": "^3.0.1",
				"sync-rpc": "^1.2.1",
				"then-request": "^6.0.0"
			}
		},
		"sync-rpc": {
			"version": "1.3.6",
			"resolved": "https://registry.npmjs.org/sync-rpc/-/sync-rpc-1.3.6.tgz",
			"integrity": "sha512-J8jTXuZzRlvU7HemDgHi3pGnh/rkoqR/OZSjhTyyZrEkkYQbk7Z33AXp37mkPfPpfdOuj7Ex3H/TJM1z48uPQw==",
			"requires": {
				"get-port": "^3.1.0"
			}
		},
		"then-request": {
			"version": "6.0.2",
			"resolved": "https://registry.npmjs.org/then-request/-/then-request-6.0.2.tgz",
			"integrity": "sha512-3ZBiG7JvP3wbDzA9iNY5zJQcHL4jn/0BWtXIkagfz7QgOL/LqjCEOBQuJNZfu0XYnv5JhKh+cDxCPM4ILrqruA==",
			"requires": {
				"@types/concat-stream": "^1.6.0",
				"@types/form-data": "0.0.33",
				"@types/node": "^8.0.0",
				"@types/qs": "^6.2.31",
				"caseless": "~0.12.0",
				"concat-stream": "^1.6.0",
				"form-data": "^2.2.0",
				"http-basic": "^8.1.1",
				"http-response-object": "^3.0.1",
				"promise": "^8.0.0",
				"qs": "^6.4.0"
			},
			"dependencies": {
				"@types/node": {
					"version": "8.10.59",
					"resolved": "https://registry.npmjs.org/@types/node/-/node-8.10.59.tgz",
					"integrity": "sha512-8RkBivJrDCyPpBXhVZcjh7cQxVBSmRk9QM7hOketZzp6Tg79c0N8kkpAIito9bnJ3HCVCHVYz+KHTEbfQNfeVQ=="
				}
			}
		},
		"tough-cookie": {
			"version": "2.5.0",
			"resolved": "https://registry.npmjs.org/tough-cookie/-/tough-cookie-2.5.0.tgz",
			"integrity": "sha512-nlLsUzgm1kfLXSXfRZMc1KLAugd4hqJHDTvc2hDIwS3mZAfMEuMbc03SujMF+GEcpaX/qboeycw6iO8JwVv2+g==",
			"requires": {
				"psl": "^1.1.28",
				"punycode": "^2.1.1"
			}
		},
		"tunnel-agent": {
			"version": "0.6.0",
			"resolved": "https://registry.npmjs.org/tunnel-agent/-/tunnel-agent-0.6.0.tgz",
			"integrity": "sha1-J6XeoGs2sEoKmWZ3SykIaPD8QP0=",
			"requires": {
				"safe-buffer": "^5.0.1"
			}
		},
		"tweetnacl": {
			"version": "0.14.5",
			"resolved": "https://registry.npmjs.org/tweetnacl/-/tweetnacl-0.14.5.tgz",
			"integrity": "sha1-WuaBd/GS1EViadEIr6k/+HQ/T2Q="
		},
		"typedarray": {
			"version": "0.0.6",
			"resolved": "https://registry.npmjs.org/typedarray/-/typedarray-0.0.6.tgz",
			"integrity": "sha1-hnrHTjhkGHsdPUfZlqeOxciDB3c="
		},
		"unbound": {
			"version": "0.4.3",
			"resolved": "https://registry.npmjs.org/unbound/-/unbound-0.4.3.tgz",
			"integrity": "sha512-2ISqZLXtzp1l9f1V8Yr6S+zuhXxEwE1CjKHjXULFDHJcfhc9Gm3mn19hdPp4rlNGEdCivKYGKjYe3WRGnafYdA==",
			"optional": true,
			"requires": {
				"loady": "~0.0.5"
			}
		},
		"uri-js": {
			"version": "4.2.2",
			"resolved": "https://registry.npmjs.org/uri-js/-/uri-js-4.2.2.tgz",
			"integrity": "sha512-KY9Frmirql91X2Qgjry0Wd4Y+YTdrdZheS8TFwvkbLWf/G5KNJDCh6pKL5OZctEW4+0Baa5idK2ZQuELRwPznQ==",
			"requires": {
				"punycode": "^2.1.0"
			}
		},
		"urkel": {
			"version": "0.7.0",
			"resolved": "https://registry.npmjs.org/urkel/-/urkel-0.7.0.tgz",
			"integrity": "sha512-7Z3Gor4DkKKi0Ehp6H9xehWXqyL12+PA4JM41dcVc1LWks4zI4PGWv6DWgxaLCC+otpEuGdq3Vh5ayD/Mvzfbg==",
			"requires": {
				"bfile": "~0.2.1",
				"bmutex": "~0.1.6",
				"bsert": "~0.0.10"
			}
		},
		"url-template": {
			"version": "2.0.8",
			"resolved": "https://registry.npmjs.org/url-template/-/url-template-2.0.8.tgz",
			"integrity": "sha1-/FZaPMy/93MMd19WQflVV5FDnyE="
		},
		"util-deprecate": {
			"version": "1.0.2",
			"resolved": "https://registry.npmjs.org/util-deprecate/-/util-deprecate-1.0.2.tgz",
			"integrity": "sha1-RQ1Nyfpw3nMnYvvS1KKJgUGaDM8="
		},
		"uuid": {
			"version": "3.4.0",
			"resolved": "https://registry.npmjs.org/uuid/-/uuid-3.4.0.tgz",
			"integrity": "sha512-HjSDRw6gZE5JMggctHBcjVak08+KEVhSIiDzFnT9S9aegmp85S/bReBVTb4QTFaRNptJ9kuYaNhnbNEOkbKb/A=="
		},
		"verror": {
			"version": "1.10.0",
			"resolved": "https://registry.npmjs.org/verror/-/verror-1.10.0.tgz",
			"integrity": "sha1-OhBcoXBTr1XW4nDB+CiGguGNpAA=",
			"requires": {
				"assert-plus": "^1.0.0",
				"core-util-is": "1.0.2",
				"extsprintf": "^1.2.0"
			}
		},
		"yallist": {
			"version": "3.1.1",
			"resolved": "https://registry.npmjs.org/yallist/-/yallist-3.1.1.tgz",
			"integrity": "sha512-a4UGQaWPH59mOXUYnAG2ewncQS4i4F43Tv3JoAM+s2VDAmS9NsK8GpDMLrCHPksFT7h3K6TOoUNn2pb7RoXx4g=="
		}
	}
}
